
Microsoft Visual Studio Solution File, Format Version 12.00
# Visual Studio Version 17
VisualStudioVersion = 17.3.32922.545
MinimumVisualStudioVersion = 10.0.40219.1
Project("{2150E333-8FDC-42A3-9474-1A3956D46DE8}") = "FrontEnd", "FrontEnd", "{64C03EFD-5671-4B8E-BF2D-DDA1B97D792B}"
EndProject
Project("{2150E333-8FDC-42A3-9474-1A3956D46DE8}") = "Storage.API", "Storage.API", "{2AFC8214-00B9-449F-80E9-F00C1CEA4D52}"
EndProject
Project("{2150E333-8FDC-42A3-9474-1A3956D46DE8}") = "EmailSender.API", "EmailSender.API", "{6DA1532B-3D8A-4BB6-BB7D-41986CACED0C}"
EndProject
Project("{2150E333-8FDC-42A3-9474-1A3956D46DE8}") = "Identity", "Identity", "{D7C0E29A-1368-409A-9201-C7858D81DD4A}"
EndProject
Project("{9A19103F-16F7-4668-BE54-9A1E7A4F7556}") = "Storage.API", "Storage.API\Storage.API.csproj", "{D75FA508-7A78-41C0-9606-3167A1428D4A}"
EndProject
Project("{9A19103F-16F7-4668-BE54-9A1E7A4F7556}") = "EmailSender.API", "EmailSender.API\EmailSender.API.csproj", "{7A8E0197-D1BC-406E-8599-FDA0A87E4D98}"
EndProject
Project("{9A19103F-16F7-4668-BE54-9A1E7A4F7556}") = "Storage.Core", "Storage.Core\Storage.Core.csproj", "{AF0BC297-8265-480E-8F2D-EC27859EE970}"
EndProject
Project("{9A19103F-16F7-4668-BE54-9A1E7A4F7556}") = "Storage.UseCases", "Storage.UseCases\Storage.UseCases.csproj", "{43EE5A0B-38E0-467F-98BC-ACAE6F4F5B14}"
EndProject
Project("{2150E333-8FDC-42A3-9474-1A3956D46DE8}") = "Test", "Test", "{9A377F13-37BA-4FDB-9B59-9BB7759A1688}"
EndProject
Project("{9A19103F-16F7-4668-BE54-9A1E7A4F7556}") = "Stotage.Tests", "Stotage.Tests\Stotage.Tests.csproj", "{9D37CAC8-E88D-4700-8C2A-08330E6DB229}"
EndProject
Project("{2150E333-8FDC-42A3-9474-1A3956D46DE8}") = "Common", "Common", "{DCF50BAC-E1CE-4DB6-A4D4-03FA1440EAC4}"
EndProject
Project("{9A19103F-16F7-4668-BE54-9A1E7A4F7556}") = "Common", "Common\Common.csproj", "{16F1BE5A-0436-4C02-B678-A5047329E756}"
EndProject
Project("{9A19103F-16F7-4668-BE54-9A1E7A4F7556}") = "EmaiSender.Core", "EmaiSender.Core\EmaiSender.Core.csproj", "{2068696A-1411-46D6-8130-E66F58973494}"
EndProject
Project("{9A19103F-16F7-4668-BE54-9A1E7A4F7556}") = "EmailSender.UseCases", "EmailSender.UseCases\EmailSender.UseCases.csproj", "{A0668EBE-2DB1-407D-A189-788A42F18E0B}"
EndProject
Project("{9A19103F-16F7-4668-BE54-9A1E7A4F7556}") = "IdentityServer", "IdentityServer\IdentityServer.csproj", "{F9080E0E-54B5-4481-8F46-653F3371D366}"
EndProject
Project("{FAE04EC0-301F-11D3-BF4B-00C04F79EFBC}") = "FrontEnd.Web", "FrontEnd.Web\FrontEnd.Web.csproj", "{86B5AB38-CFEE-4CF3-9764-6463ED9241E3}"
EndProject
Global
	GlobalSection(SolutionConfigurationPlatforms) = preSolution
		Debug|Any CPU = Debug|Any CPU
		Release|Any CPU = Release|Any CPU
	EndGlobalSection
	GlobalSection(ProjectConfigurationPlatforms) = postSolution
		{D75FA508-7A78-41C0-9606-3167A1428D4A}.Debug|Any CPU.ActiveCfg = Debug|Any CPU
		{D75FA508-7A78-41C0-9606-3167A1428D4A}.Debug|Any CPU.Build.0 = Debug|Any CPU
		{D75FA508-7A78-41C0-9606-3167A1428D4A}.Release|Any CPU.ActiveCfg = Release|Any CPU
		{D75FA508-7A78-41C0-9606-3167A1428D4A}.Release|Any CPU.Build.0 = Release|Any CPU
		{7A8E0197-D1BC-406E-8599-FDA0A87E4D98}.Debug|Any CPU.ActiveCfg = Debug|Any CPU
		{7A8E0197-D1BC-406E-8599-FDA0A87E4D98}.Debug|Any CPU.Build.0 = Debug|Any CPU
		{7A8E0197-D1BC-406E-8599-FDA0A87E4D98}.Release|Any CPU.ActiveCfg = Release|Any CPU
		{7A8E0197-D1BC-406E-8599-FDA0A87E4D98}.Release|Any CPU.Build.0 = Release|Any CPU
		{AF0BC297-8265-480E-8F2D-EC27859EE970}.Debug|Any CPU.ActiveCfg = Debug|Any CPU
		{AF0BC297-8265-480E-8F2D-EC27859EE970}.Debug|Any CPU.Build.0 = Debug|Any CPU
		{AF0BC297-8265-480E-8F2D-EC27859EE970}.Release|Any CPU.ActiveCfg = Release|Any CPU
		{AF0BC297-8265-480E-8F2D-EC27859EE970}.Release|Any CPU.Build.0 = Release|Any CPU
		{43EE5A0B-38E0-467F-98BC-ACAE6F4F5B14}.Debug|Any CPU.ActiveCfg = Debug|Any CPU
		{43EE5A0B-38E0-467F-98BC-ACAE6F4F5B14}.Debug|Any CPU.Build.0 = Debug|Any CPU
		{43EE5A0B-38E0-467F-98BC-ACAE6F4F5B14}.Release|Any CPU.ActiveCfg = Release|Any CPU
		{43EE5A0B-38E0-467F-98BC-ACAE6F4F5B14}.Release|Any CPU.Build.0 = Release|Any CPU
		{9D37CAC8-E88D-4700-8C2A-08330E6DB229}.Debug|Any CPU.ActiveCfg = Debug|Any CPU
		{9D37CAC8-E88D-4700-8C2A-08330E6DB229}.Debug|Any CPU.Build.0 = Debug|Any CPU
		{9D37CAC8-E88D-4700-8C2A-08330E6DB229}.Release|Any CPU.ActiveCfg = Release|Any CPU
		{9D37CAC8-E88D-4700-8C2A-08330E6DB229}.Release|Any CPU.Build.0 = Release|Any CPU
		{16F1BE5A-0436-4C02-B678-A5047329E756}.Debug|Any CPU.ActiveCfg = Debug|Any CPU
		{16F1BE5A-0436-4C02-B678-A5047329E756}.Debug|Any CPU.Build.0 = Debug|Any CPU
		{16F1BE5A-0436-4C02-B678-A5047329E756}.Release|Any CPU.ActiveCfg = Release|Any CPU
		{16F1BE5A-0436-4C02-B678-A5047329E756}.Release|Any CPU.Build.0 = Release|Any CPU
		{2068696A-1411-46D6-8130-E66F58973494}.Debug|Any CPU.ActiveCfg = Debug|Any CPU
		{2068696A-1411-46D6-8130-E66F58973494}.Debug|Any CPU.Build.0 = Debug|Any CPU
		{2068696A-1411-46D6-8130-E66F58973494}.Release|Any CPU.ActiveCfg = Release|Any CPU
		{2068696A-1411-46D6-8130-E66F58973494}.Release|Any CPU.Build.0 = Release|Any CPU
		{A0668EBE-2DB1-407D-A189-788A42F18E0B}.Debug|Any CPU.ActiveCfg = Debug|Any CPU
		{A0668EBE-2DB1-407D-A189-788A42F18E0B}.Debug|Any CPU.Build.0 = Debug|Any CPU
		{A0668EBE-2DB1-407D-A189-788A42F18E0B}.Release|Any CPU.ActiveCfg = Release|Any CPU
		{A0668EBE-2DB1-407D-A189-788A42F18E0B}.Release|Any CPU.Build.0 = Release|Any CPU
		{F9080E0E-54B5-4481-8F46-653F3371D366}.Debug|Any CPU.ActiveCfg = Debug|Any CPU
		{F9080E0E-54B5-4481-8F46-653F3371D366}.Debug|Any CPU.Build.0 = Debug|Any CPU
		{F9080E0E-54B5-4481-8F46-653F3371D366}.Release|Any CPU.ActiveCfg = Release|Any CPU
		{F9080E0E-54B5-4481-8F46-653F3371D366}.Release|Any CPU.Build.0 = Release|Any CPU
		{86B5AB38-CFEE-4CF3-9764-6463ED9241E3}.Debug|Any CPU.ActiveCfg = Debug|Any CPU
		{86B5AB38-CFEE-4CF3-9764-6463ED9241E3}.Debug|Any CPU.Build.0 = Debug|Any CPU
		{86B5AB38-CFEE-4CF3-9764-6463ED9241E3}.Release|Any CPU.ActiveCfg = Release|Any CPU
		{86B5AB38-CFEE-4CF3-9764-6463ED9241E3}.Release|Any CPU.Build.0 = Release|Any CPU
	EndGlobalSection
	GlobalSection(SolutionProperties) = preSolution
		HideSolutionNode = FALSE
	EndGlobalSection
	GlobalSection(NestedProjects) = preSolution
		{D75FA508-7A78-41C0-9606-3167A1428D4A} = {2AFC8214-00B9-449F-80E9-F00C1CEA4D52}
		{7A8E0197-D1BC-406E-8599-FDA0A87E4D98} = {6DA1532B-3D8A-4BB6-BB7D-41986CACED0C}
		{AF0BC297-8265-480E-8F2D-EC27859EE970} = {2AFC8214-00B9-449F-80E9-F00C1CEA4D52}
		{43EE5A0B-38E0-467F-98BC-ACAE6F4F5B14} = {2AFC8214-00B9-449F-80E9-F00C1CEA4D52}
		{9D37CAC8-E88D-4700-8C2A-08330E6DB229} = {9A377F13-37BA-4FDB-9B59-9BB7759A1688}
		{16F1BE5A-0436-4C02-B678-A5047329E756} = {DCF50BAC-E1CE-4DB6-A4D4-03FA1440EAC4}
		{2068696A-1411-46D6-8130-E66F58973494} = {6DA1532B-3D8A-4BB6-BB7D-41986CACED0C}
		{A0668EBE-2DB1-407D-A189-788A42F18E0B} = {6DA1532B-3D8A-4BB6-BB7D-41986CACED0C}
		{F9080E0E-54B5-4481-8F46-653F3371D366} = {D7C0E29A-1368-409A-9201-C7858D81DD4A}
		{86B5AB38-CFEE-4CF3-9764-6463ED9241E3} = {64C03EFD-5671-4B8E-BF2D-DDA1B97D792B}
	EndGlobalSection
	GlobalSection(ExtensibilityGlobals) = postSolution
		SolutionGuid = {47578F48-0F0D-4145-AF3A-A07C40E46286}
	EndGlobalSection
EndGlobal
